
Microsoft Visual Studio Solution File, Format Version 11.00
# Visual Studio 2010
Project("{FAE04EC0-301F-11D3-BF4B-00C04F79EFBC}") = "FutureGames.Lib", "FutureGames.Lib.csproj", "{5EF41B5F-DEF2-4D97-8753-3A29C77E4E28}"
EndProject
Project("{FAE04EC0-301F-11D3-BF4B-00C04F79EFBC}") = "FutureGames.Algorts", "FutureGames.Algorts.csproj", "{D6DEDF11-A8B6-0F78-C1EB-76841A6ADA63}"
EndProject
Global
	GlobalSection(SolutionConfigurationPlatforms) = preSolution
		Debug|Any CPU = Debug|Any CPU
		Release|Any CPU = Release|Any CPU
	EndGlobalSection
	GlobalSection(ProjectConfigurationPlatforms) = postSolution
		{5EF41B5F-DEF2-4D97-8753-3A29C77E4E28}.Debug|Any CPU.ActiveCfg = Debug|Any CPU
		{5EF41B5F-DEF2-4D97-8753-3A29C77E4E28}.Debug|Any CPU.Build.0 = Debug|Any CPU
		{5EF41B5F-DEF2-4D97-8753-3A29C77E4E28}.Release|Any CPU.ActiveCfg = Release|Any CPU
		{5EF41B5F-DEF2-4D97-8753-3A29C77E4E28}.Release|Any CPU.Build.0 = Release|Any CPU
		{D6DEDF11-A8B6-0F78-C1EB-76841A6ADA63}.Debug|Any CPU.ActiveCfg = Debug|Any CPU
		{D6DEDF11-A8B6-0F78-C1EB-76841A6ADA63}.Debug|Any CPU.Build.0 = Debug|Any CPU
		{D6DEDF11-A8B6-0F78-C1EB-76841A6ADA63}.Release|Any CPU.ActiveCfg = Release|Any CPU
		{D6DEDF11-A8B6-0F78-C1EB-76841A6ADA63}.Release|Any CPU.Build.0 = Release|Any CPU
	EndGlobalSection
	GlobalSection(SolutionProperties) = preSolution
		HideSolutionNode = FALSE
	EndGlobalSection
EndGlobal
